
Microsoft Visual Studio Solution File, Format Version 12.00
# Visual Studio Version 16
VisualStudioVersion = 16.0.30804.86
MinimumVisualStudioVersion = 10.0.40219.1
Project("{8BC9CEB8-8B4A-11D0-8D11-00A0C91BC942}") = "quiz2_1", "quiz2_1.vcxproj", "{C919947E-153B-411D-BF87-26CC0F369AFE}"
EndProject
Global
	GlobalSection(SolutionConfigurationPlatforms) = preSolution
		Debug|x64 = Debug|x64
		Debug|x86 = Debug|x86
		Release|x64 = Release|x64
		Release|x86 = Release|x86
	EndGlobalSection
	GlobalSection(ProjectConfigurationPlatforms) = postSolution
		{C919947E-153B-411D-BF87-26CC0F369AFE}.Debug|x64.ActiveCfg = Debug|x64
		{C919947E-153B-411D-BF87-26CC0F369AFE}.Debug|x64.Build.0 = Debug|x64
		{C919947E-153B-411D-BF87-26CC0F369AFE}.Debug|x86.ActiveCfg = Debug|Win32
		{C919947E-153B-411D-BF87-26CC0F369AFE}.Debug|x86.Build.0 = Debug|Win32
		{C919947E-153B-411D-BF87-26CC0F369AFE}.Release|x64.ActiveCfg = Release|x64
		{C919947E-153B-411D-BF87-26CC0F369AFE}.Release|x64.Build.0 = Release|x64
		{C919947E-153B-411D-BF87-26CC0F369AFE}.Release|x86.ActiveCfg = Release|Win32
		{C919947E-153B-411D-BF87-26CC0F369AFE}.Release|x86.Build.0 = Release|Win32
	EndGlobalSection
	GlobalSection(SolutionProperties) = preSolution
		HideSolutionNode = FALSE
	EndGlobalSection
	GlobalSection(ExtensibilityGlobals) = postSolution
		SolutionGuid = {06E92FA7-7AD8-4878-AC91-F8107C896284}
	EndGlobalSection
EndGlobal
