
Microsoft Visual Studio Solution File, Format Version 12.00
# Visual Studio Version 16
VisualStudioVersion = 16.0.29905.134
MinimumVisualStudioVersion = 10.0.40219.1
Project("{8BC9CEB8-8B4A-11D0-8D11-00A0C91BC942}") = "ObjPtrArr", "ObjPtrArr.vcxproj", "{915D29EB-F6F0-450D-9366-8A02E3B7F20D}"
EndProject
Global
	GlobalSection(SolutionConfigurationPlatforms) = preSolution
		Debug|x64 = Debug|x64
		Debug|x86 = Debug|x86
		Release|x64 = Release|x64
		Release|x86 = Release|x86
	EndGlobalSection
	GlobalSection(ProjectConfigurationPlatforms) = postSolution
		{915D29EB-F6F0-450D-9366-8A02E3B7F20D}.Debug|x64.ActiveCfg = Debug|x64
		{915D29EB-F6F0-450D-9366-8A02E3B7F20D}.Debug|x64.Build.0 = Debug|x64
		{915D29EB-F6F0-450D-9366-8A02E3B7F20D}.Debug|x86.ActiveCfg = Debug|Win32
		{915D29EB-F6F0-450D-9366-8A02E3B7F20D}.Debug|x86.Build.0 = Debug|Win32
		{915D29EB-F6F0-450D-9366-8A02E3B7F20D}.Release|x64.ActiveCfg = Release|x64
		{915D29EB-F6F0-450D-9366-8A02E3B7F20D}.Release|x64.Build.0 = Release|x64
		{915D29EB-F6F0-450D-9366-8A02E3B7F20D}.Release|x86.ActiveCfg = Release|Win32
		{915D29EB-F6F0-450D-9366-8A02E3B7F20D}.Release|x86.Build.0 = Release|Win32
	EndGlobalSection
	GlobalSection(SolutionProperties) = preSolution
		HideSolutionNode = FALSE
	EndGlobalSection
	GlobalSection(ExtensibilityGlobals) = postSolution
		SolutionGuid = {24912473-B7FE-4B83-9F46-95D3B5817431}
	EndGlobalSection
EndGlobal
