
Microsoft Visual Studio Solution File, Format Version 12.00
# Visual Studio Version 16
VisualStudioVersion = 16.0.29905.134
MinimumVisualStudioVersion = 10.0.40219.1
Project("{8BC9CEB8-8B4A-11D0-8D11-00A0C91BC942}") = "chapter01_1_3", "chapter01_1_3.vcxproj", "{1E32214E-5A68-436D-9A74-4DF60864EAA3}"
EndProject
Global
	GlobalSection(SolutionConfigurationPlatforms) = preSolution
		Debug|x64 = Debug|x64
		Debug|x86 = Debug|x86
		Release|x64 = Release|x64
		Release|x86 = Release|x86
	EndGlobalSection
	GlobalSection(ProjectConfigurationPlatforms) = postSolution
		{1E32214E-5A68-436D-9A74-4DF60864EAA3}.Debug|x64.ActiveCfg = Debug|x64
		{1E32214E-5A68-436D-9A74-4DF60864EAA3}.Debug|x64.Build.0 = Debug|x64
		{1E32214E-5A68-436D-9A74-4DF60864EAA3}.Debug|x86.ActiveCfg = Debug|Win32
		{1E32214E-5A68-436D-9A74-4DF60864EAA3}.Debug|x86.Build.0 = Debug|Win32
		{1E32214E-5A68-436D-9A74-4DF60864EAA3}.Release|x64.ActiveCfg = Release|x64
		{1E32214E-5A68-436D-9A74-4DF60864EAA3}.Release|x64.Build.0 = Release|x64
		{1E32214E-5A68-436D-9A74-4DF60864EAA3}.Release|x86.ActiveCfg = Release|Win32
		{1E32214E-5A68-436D-9A74-4DF60864EAA3}.Release|x86.Build.0 = Release|Win32
	EndGlobalSection
	GlobalSection(SolutionProperties) = preSolution
		HideSolutionNode = FALSE
	EndGlobalSection
	GlobalSection(ExtensibilityGlobals) = postSolution
		SolutionGuid = {40E740D6-4096-44C9-9DD7-98C9D7A0F308}
	EndGlobalSection
EndGlobal
